
Microsoft Visual Studio Solution File, Format Version 11.00
# Visual Studio 2010
Project("{FAE04EC0-301F-11D3-BF4B-00C04F79EFBC}") = "DAL", "DAL\DAL.csproj", "{9DDAB8B2-6841-4E70-A694-01114405015E}"
EndProject
Project("{FAE04EC0-301F-11D3-BF4B-00C04F79EFBC}") = "Services", "Services\Services.csproj", "{BE5492A8-3DD1-492C-92BA-92C17CA600BB}"
EndProject
Project("{FAE04EC0-301F-11D3-BF4B-00C04F79EFBC}") = "WebApp", "WebApp\WebApp.csproj", "{C6CE10DA-3BF0-4704-AEBB-93666FF6EF19}"
EndProject
Global
	GlobalSection(SolutionConfigurationPlatforms) = preSolution
		Debug|Any CPU = Debug|Any CPU
		Release|Any CPU = Release|Any CPU
	EndGlobalSection
	GlobalSection(ProjectConfigurationPlatforms) = postSolution
		{9DDAB8B2-6841-4E70-A694-01114405015E}.Debug|Any CPU.ActiveCfg = Debug|Any CPU
		{9DDAB8B2-6841-4E70-A694-01114405015E}.Debug|Any CPU.Build.0 = Debug|Any CPU
		{9DDAB8B2-6841-4E70-A694-01114405015E}.Release|Any CPU.ActiveCfg = Release|Any CPU
		{9DDAB8B2-6841-4E70-A694-01114405015E}.Release|Any CPU.Build.0 = Release|Any CPU
		{BE5492A8-3DD1-492C-92BA-92C17CA600BB}.Debug|Any CPU.ActiveCfg = Debug|Any CPU
		{BE5492A8-3DD1-492C-92BA-92C17CA600BB}.Debug|Any CPU.Build.0 = Debug|Any CPU
		{BE5492A8-3DD1-492C-92BA-92C17CA600BB}.Release|Any CPU.ActiveCfg = Release|Any CPU
		{BE5492A8-3DD1-492C-92BA-92C17CA600BB}.Release|Any CPU.Build.0 = Release|Any CPU
		{C6CE10DA-3BF0-4704-AEBB-93666FF6EF19}.Debug|Any CPU.ActiveCfg = Debug|Any CPU
		{C6CE10DA-3BF0-4704-AEBB-93666FF6EF19}.Debug|Any CPU.Build.0 = Debug|Any CPU
		{C6CE10DA-3BF0-4704-AEBB-93666FF6EF19}.Release|Any CPU.ActiveCfg = Release|Any CPU
		{C6CE10DA-3BF0-4704-AEBB-93666FF6EF19}.Release|Any CPU.Build.0 = Release|Any CPU
	EndGlobalSection
	GlobalSection(SolutionProperties) = preSolution
		HideSolutionNode = FALSE
	EndGlobalSection
EndGlobal
